
Microsoft Visual Studio Solution File, Format Version 12.00
# Visual Studio Version 17
VisualStudioVersion = 17.13.35931.197 d17.13
MinimumVisualStudioVersion = 10.0.40219.1
Project("{FAE04EC0-301F-11D3-BF4B-00C04F79EFBC}") = "ORM", "ORM\ORM.csproj", "{5670F1EF-18A0-446B-BD59-0D33B1971DB5}"
EndProject
Global
	GlobalSection(SolutionConfigurationPlatforms) = preSolution
		Debug|Any CPU = Debug|Any CPU
		Release|Any CPU = Release|Any CPU
	EndGlobalSection
	GlobalSection(ProjectConfigurationPlatforms) = postSolution
		{5670F1EF-18A0-446B-BD59-0D33B1971DB5}.Debug|Any CPU.ActiveCfg = Debug|Any CPU
		{5670F1EF-18A0-446B-BD59-0D33B1971DB5}.Debug|Any CPU.Build.0 = Debug|Any CPU
		{5670F1EF-18A0-446B-BD59-0D33B1971DB5}.Release|Any CPU.ActiveCfg = Release|Any CPU
		{5670F1EF-18A0-446B-BD59-0D33B1971DB5}.Release|Any CPU.Build.0 = Release|Any CPU
	EndGlobalSection
	GlobalSection(SolutionProperties) = preSolution
		HideSolutionNode = FALSE
	EndGlobalSection
	GlobalSection(ExtensibilityGlobals) = postSolution
		SolutionGuid = {2EF5DC19-4FA0-49F5-9069-35A56C9A33EF}
	EndGlobalSection
EndGlobal
